
Microsoft Visual Studio Solution File, Format Version 12.00
# Visual Studio 15
VisualStudioVersion = 15.0.27130.2026
MinimumVisualStudioVersion = 10.0.40219.1
Project("{FAE04EC0-301F-11D3-BF4B-00C04F79EFBC}") = "FES [File Encryption Software]", "FES [File Encryption Software]\FES [File Encryption Software].csproj", "{24C0831A-ECF2-43B1-8655-B2C1196C9B0A}"
EndProject
Global
	GlobalSection(SolutionConfigurationPlatforms) = preSolution
		Debug|Any CPU = Debug|Any CPU
		Release|Any CPU = Release|Any CPU
	EndGlobalSection
	GlobalSection(ProjectConfigurationPlatforms) = postSolution
		{24C0831A-ECF2-43B1-8655-B2C1196C9B0A}.Debug|Any CPU.ActiveCfg = Debug|Any CPU
		{24C0831A-ECF2-43B1-8655-B2C1196C9B0A}.Debug|Any CPU.Build.0 = Debug|Any CPU
		{24C0831A-ECF2-43B1-8655-B2C1196C9B0A}.Release|Any CPU.ActiveCfg = Release|Any CPU
		{24C0831A-ECF2-43B1-8655-B2C1196C9B0A}.Release|Any CPU.Build.0 = Release|Any CPU
	EndGlobalSection
	GlobalSection(SolutionProperties) = preSolution
		HideSolutionNode = FALSE
	EndGlobalSection
	GlobalSection(ExtensibilityGlobals) = postSolution
		SolutionGuid = {86DE4FF5-1660-4C50-8F2F-16344C9C0AF7}
	EndGlobalSection
EndGlobal
